
Microsoft Visual Studio Solution File, Format Version 12.00
# Visual Studio Version 16
VisualStudioVersion = 16.0.34031.81
MinimumVisualStudioVersion = 10.0.40219.1
Project("{FAE04EC0-301F-11D3-BF4B-00C04F79EFBC}") = "Task_2", "Task_2\Task_2.csproj", "{28DADA60-58BB-4C49-9143-62D955BA45B4}"
EndProject
Project("{FAE04EC0-301F-11D3-BF4B-00C04F79EFBC}") = "Task_2_API", "Task_2_API\Task_2_API.csproj", "{5E471F2B-49F1-42A3-B3ED-FEADE1681C9C}"
EndProject
Global
	GlobalSection(SolutionConfigurationPlatforms) = preSolution
		Debug|Any CPU = Debug|Any CPU
		Release|Any CPU = Release|Any CPU
	EndGlobalSection
	GlobalSection(ProjectConfigurationPlatforms) = postSolution
		{28DADA60-58BB-4C49-9143-62D955BA45B4}.Debug|Any CPU.ActiveCfg = Debug|Any CPU
		{28DADA60-58BB-4C49-9143-62D955BA45B4}.Debug|Any CPU.Build.0 = Debug|Any CPU
		{28DADA60-58BB-4C49-9143-62D955BA45B4}.Release|Any CPU.ActiveCfg = Release|Any CPU
		{28DADA60-58BB-4C49-9143-62D955BA45B4}.Release|Any CPU.Build.0 = Release|Any CPU
		{5E471F2B-49F1-42A3-B3ED-FEADE1681C9C}.Debug|Any CPU.ActiveCfg = Debug|Any CPU
		{5E471F2B-49F1-42A3-B3ED-FEADE1681C9C}.Debug|Any CPU.Build.0 = Debug|Any CPU
		{5E471F2B-49F1-42A3-B3ED-FEADE1681C9C}.Release|Any CPU.ActiveCfg = Release|Any CPU
		{5E471F2B-49F1-42A3-B3ED-FEADE1681C9C}.Release|Any CPU.Build.0 = Release|Any CPU
	EndGlobalSection
	GlobalSection(SolutionProperties) = preSolution
		HideSolutionNode = FALSE
	EndGlobalSection
	GlobalSection(ExtensibilityGlobals) = postSolution
		SolutionGuid = {60672A84-69C3-460A-B388-5BA8BD4254C4}
	EndGlobalSection
EndGlobal
